
Microsoft Visual Studio Solution File, Format Version 12.00
# Visual Studio 15
VisualStudioVersion = 15.0.28307.902
MinimumVisualStudioVersion = 10.0.40219.1
Project("{9A19103F-16F7-4668-BE54-9A1E7A4F7556}") = "NumberProcessor", "src\NumberProcessor\NumberProcessor.csproj", "{67EAF285-3378-4ED4-9EA6-ECE0C26F11BC}"
EndProject
Project("{2150E333-8FDC-42A3-9474-1A3956D46DE8}") = "src", "src", "{46FE6876-F757-4F6B-BDE4-0D311D99AD4C}"
EndProject
Project("{2150E333-8FDC-42A3-9474-1A3956D46DE8}") = "tests", "tests", "{0254F30C-2743-4F8C-BC25-EF1A481BF81C}"
EndProject
Project("{FAE04EC0-301F-11D3-BF4B-00C04F79EFBC}") = "NumberProcessorTests", "tests\NumberProcessorTests\NumberProcessorTests.csproj", "{950AB08E-E97D-429C-A94C-C2F9E7C4B9E3}"
EndProject
Global
	GlobalSection(SolutionConfigurationPlatforms) = preSolution
		Debug|Any CPU = Debug|Any CPU
		Release|Any CPU = Release|Any CPU
	EndGlobalSection
	GlobalSection(ProjectConfigurationPlatforms) = postSolution
		{67EAF285-3378-4ED4-9EA6-ECE0C26F11BC}.Debug|Any CPU.ActiveCfg = Debug|Any CPU
		{67EAF285-3378-4ED4-9EA6-ECE0C26F11BC}.Debug|Any CPU.Build.0 = Debug|Any CPU
		{67EAF285-3378-4ED4-9EA6-ECE0C26F11BC}.Release|Any CPU.ActiveCfg = Release|Any CPU
		{67EAF285-3378-4ED4-9EA6-ECE0C26F11BC}.Release|Any CPU.Build.0 = Release|Any CPU
		{950AB08E-E97D-429C-A94C-C2F9E7C4B9E3}.Debug|Any CPU.ActiveCfg = Debug|Any CPU
		{950AB08E-E97D-429C-A94C-C2F9E7C4B9E3}.Debug|Any CPU.Build.0 = Debug|Any CPU
		{950AB08E-E97D-429C-A94C-C2F9E7C4B9E3}.Release|Any CPU.ActiveCfg = Release|Any CPU
		{950AB08E-E97D-429C-A94C-C2F9E7C4B9E3}.Release|Any CPU.Build.0 = Release|Any CPU
	EndGlobalSection
	GlobalSection(SolutionProperties) = preSolution
		HideSolutionNode = FALSE
	EndGlobalSection
	GlobalSection(NestedProjects) = preSolution
		{67EAF285-3378-4ED4-9EA6-ECE0C26F11BC} = {46FE6876-F757-4F6B-BDE4-0D311D99AD4C}
		{950AB08E-E97D-429C-A94C-C2F9E7C4B9E3} = {0254F30C-2743-4F8C-BC25-EF1A481BF81C}
	EndGlobalSection
	GlobalSection(ExtensibilityGlobals) = postSolution
		SolutionGuid = {4F68AB01-2DBB-4B37-B8CF-7F4E8184F5D8}
	EndGlobalSection
EndGlobal
